
Microsoft Visual Studio Solution File, Format Version 12.00
# Visual Studio Version 17
VisualStudioVersion = 17.11.35303.130
MinimumVisualStudioVersion = 10.0.40219.1
Project("{FAE04EC0-301F-11D3-BF4B-00C04F79EFBC}") = "FitHub_backend", "FitHub_backend\FitHub_backend.csproj", "{CAE97D0D-AA43-4A41-AB10-5C95DB15CBD6}"
EndProject
Global
	GlobalSection(SolutionConfigurationPlatforms) = preSolution
		Debug|Any CPU = Debug|Any CPU
		Release|Any CPU = Release|Any CPU
	EndGlobalSection
	GlobalSection(ProjectConfigurationPlatforms) = postSolution
		{CAE97D0D-AA43-4A41-AB10-5C95DB15CBD6}.Debug|Any CPU.ActiveCfg = Debug|Any CPU
		{CAE97D0D-AA43-4A41-AB10-5C95DB15CBD6}.Debug|Any CPU.Build.0 = Debug|Any CPU
		{CAE97D0D-AA43-4A41-AB10-5C95DB15CBD6}.Release|Any CPU.ActiveCfg = Release|Any CPU
		{CAE97D0D-AA43-4A41-AB10-5C95DB15CBD6}.Release|Any CPU.Build.0 = Release|Any CPU
	EndGlobalSection
	GlobalSection(SolutionProperties) = preSolution
		HideSolutionNode = FALSE
	EndGlobalSection
	GlobalSection(ExtensibilityGlobals) = postSolution
		SolutionGuid = {245C6671-D23B-427F-BF91-A51684ADC91E}
	EndGlobalSection
EndGlobal
